
Microsoft Visual Studio Solution File, Format Version 12.00
# Visual Studio Version 17
VisualStudioVersion = 17.14.36414.22 d17.14
MinimumVisualStudioVersion = 10.0.40219.1
Project("{FAE04EC0-301F-11D3-BF4B-00C04F79EFBC}") = "TicketManagementApp", "TicketManagementApp\TicketManagementApp.csproj", "{A16400D6-78AF-4D2F-B995-05CFDB58BA11}"
EndProject
Global
	GlobalSection(SolutionConfigurationPlatforms) = preSolution
		Debug|Any CPU = Debug|Any CPU
		Release|Any CPU = Release|Any CPU
	EndGlobalSection
	GlobalSection(ProjectConfigurationPlatforms) = postSolution
		{A16400D6-78AF-4D2F-B995-05CFDB58BA11}.Debug|Any CPU.ActiveCfg = Debug|Any CPU
		{A16400D6-78AF-4D2F-B995-05CFDB58BA11}.Debug|Any CPU.Build.0 = Debug|Any CPU
		{A16400D6-78AF-4D2F-B995-05CFDB58BA11}.Release|Any CPU.ActiveCfg = Release|Any CPU
		{A16400D6-78AF-4D2F-B995-05CFDB58BA11}.Release|Any CPU.Build.0 = Release|Any CPU
	EndGlobalSection
	GlobalSection(SolutionProperties) = preSolution
		HideSolutionNode = FALSE
	EndGlobalSection
	GlobalSection(ExtensibilityGlobals) = postSolution
		SolutionGuid = {A8B43688-9128-4A44-BFE3-9227FEAAAABA}
	EndGlobalSection
EndGlobal
